// !$*UTF8*$!
{
	archiveVersion = 1;
	classes = {
	};
	objectVersion = 51;
	objects = {

/* Begin PBXBuildFile section */
		AE04C25D2657C0A400D53865 /* CreateEventViewController.swift in Sources */ = {isa = PBXBuildFile; fileRef = AE04C25C2657C0A400D53865 /* CreateEventViewController.swift */; };
		AE04C25F2657C4A000D53865 /* AddLocationViewController.swift in Sources */ = {isa = PBXBuildFile; fileRef = AE04C25E2657C4A000D53865 /* AddLocationViewController.swift */; };
		AE04C263265A6AA300D53865 /* UserGroupsTableViewController.swift in Sources */ = {isa = PBXBuildFile; fileRef = AE04C262265A6AA300D53865 /* UserGroupsTableViewController.swift */; };
		AE04C267265A6C5D00D53865 /* Group.swift in Sources */ = {isa = PBXBuildFile; fileRef = AE04C266265A6C5D00D53865 /* Group.swift */; };
		AE04C269265A75ED00D53865 /* GroupTableViewCell.swift in Sources */ = {isa = PBXBuildFile; fileRef = AE04C268265A75ED00D53865 /* GroupTableViewCell.swift */; };
		AE1E79CC263BC6A000839C27 /* AppDelegate.swift in Sources */ = {isa = PBXBuildFile; fileRef = AE1E79CB263BC6A000839C27 /* AppDelegate.swift */; };
		AE1E79CE263BC6A000839C27 /* SceneDelegate.swift in Sources */ = {isa = PBXBuildFile; fileRef = AE1E79CD263BC6A000839C27 /* SceneDelegate.swift */; };
		AE1E79D0263BC6A000839C27 /* InitialViewController.swift in Sources */ = {isa = PBXBuildFile; fileRef = AE1E79CF263BC6A000839C27 /* InitialViewController.swift */; };
		AE1E79D3263BC6A000839C27 /* Main.storyboard in Resources */ = {isa = PBXBuildFile; fileRef = AE1E79D1263BC6A000839C27 /* Main.storyboard */; };
		AE1E79D5263BC6A300839C27 /* Assets.xcassets in Resources */ = {isa = PBXBuildFile; fileRef = AE1E79D4263BC6A300839C27 /* Assets.xcassets */; };
		AE1E79D8263BC6A300839C27 /* LaunchScreen.storyboard in Resources */ = {isa = PBXBuildFile; fileRef = AE1E79D6263BC6A300839C27 /* LaunchScreen.storyboard */; };
		AE3B8840265A7CAE00553783 /* AddMemberSearchTableViewController.swift in Sources */ = {isa = PBXBuildFile; fileRef = AE3B883F265A7CAE00553783 /* AddMemberSearchTableViewController.swift */; };
		AE3B8842265A7D4C00553783 /* UIViewController-cli240.swift in Sources */ = {isa = PBXBuildFile; fileRef = AE3B8841265A7D4C00553783 /* UIViewController-cli240.swift */; };
		AE3B8844265A7E8500553783 /* User.swift in Sources */ = {isa = PBXBuildFile; fileRef = AE3B8843265A7E8500553783 /* User.swift */; };
		AE3B8846265B3ADF00553783 /* CreateGroupViewController.swift in Sources */ = {isa = PBXBuildFile; fileRef = AE3B8845265B3ADF00553783 /* CreateGroupViewController.swift */; };
		AE3B8848265B3D7F00553783 /* addMemberDelegate.swift in Sources */ = {isa = PBXBuildFile; fileRef = AE3B8847265B3D7F00553783 /* addMemberDelegate.swift */; };
		AE3B884A265CEE0100553783 /* Event.swift in Sources */ = {isa = PBXBuildFile; fileRef = AE3B8849265CEE0100553783 /* Event.swift */; };
		AE9B466F263C507700C179BF /* GoogleService-Info.plist in Resources */ = {isa = PBXBuildFile; fileRef = AE9B466E263C507700C179BF /* GoogleService-Info.plist */; };
		AE9B4671263E67D100C179BF /* MainTabViewController.swift in Sources */ = {isa = PBXBuildFile; fileRef = AE9B4670263E67D100C179BF /* MainTabViewController.swift */; };
		AE9B4673263E70C100C179BF /* UserEventsViewController.swift in Sources */ = {isa = PBXBuildFile; fileRef = AE9B4672263E70C100C179BF /* UserEventsViewController.swift */; };
		AE9B4678264A2F8B00C179BF /* CustomCell.swift in Sources */ = {isa = PBXBuildFile; fileRef = AE9B4677264A2F8B00C179BF /* CustomCell.swift */; };
		AE9B467A264A346600C179BF /* AddDateRange.swift in Sources */ = {isa = PBXBuildFile; fileRef = AE9B4679264A346600C179BF /* AddDateRange.swift */; };
		AEA7DAE22667B5E50057EB60 /* SettingsViewController.swift in Sources */ = {isa = PBXBuildFile; fileRef = AEA7DAE12667B5E50057EB60 /* SettingsViewController.swift */; };
		DCFD44002BEE568E9CC30FC6 /* Pods_hey_m8.framework in Frameworks */ = {isa = PBXBuildFile; fileRef = BF7179FA12A24B4D83EDD70F /* Pods_hey_m8.framework */; };
/* End PBXBuildFile section */

/* Begin PBXFileReference section */
		15074DF54B755E19AC0297F6 /* Pods-hey m8.release.xcconfig */ = {isa = PBXFileReference; includeInIndex = 1; lastKnownFileType = text.xcconfig; name = "Pods-hey m8.release.xcconfig"; path = "Target Support Files/Pods-hey m8/Pods-hey m8.release.xcconfig"; sourceTree = "<group>"; };
		2CCBCCE6729FF57756BBA2F9 /* Pods-hey m8.debug.xcconfig */ = {isa = PBXFileReference; includeInIndex = 1; lastKnownFileType = text.xcconfig; name = "Pods-hey m8.debug.xcconfig"; path = "Target Support Files/Pods-hey m8/Pods-hey m8.debug.xcconfig"; sourceTree = "<group>"; };
		AE04C25C2657C0A400D53865 /* CreateEventViewController.swift */ = {isa = PBXFileReference; lastKnownFileType = sourcecode.swift; path = CreateEventViewController.swift; sourceTree = "<group>"; };
		AE04C25E2657C4A000D53865 /* AddLocationViewController.swift */ = {isa = PBXFileReference; lastKnownFileType = sourcecode.swift; path = AddLocationViewController.swift; sourceTree = "<group>"; };
		AE04C262265A6AA300D53865 /* UserGroupsTableViewController.swift */ = {isa = PBXFileReference; lastKnownFileType = sourcecode.swift; path = UserGroupsTableViewController.swift; sourceTree = "<group>"; };
		AE04C266265A6C5D00D53865 /* Group.swift */ = {isa = PBXFileReference; lastKnownFileType = sourcecode.swift; path = Group.swift; sourceTree = "<group>"; };
		AE04C268265A75ED00D53865 /* GroupTableViewCell.swift */ = {isa = PBXFileReference; lastKnownFileType = sourcecode.swift; path = GroupTableViewCell.swift; sourceTree = "<group>"; };
		AE1E79C8263BC6A000839C27 /* hey m8.app */ = {isa = PBXFileReference; explicitFileType = wrapper.application; includeInIndex = 0; path = "hey m8.app"; sourceTree = BUILT_PRODUCTS_DIR; };
		AE1E79CB263BC6A000839C27 /* AppDelegate.swift */ = {isa = PBXFileReference; lastKnownFileType = sourcecode.swift; path = AppDelegate.swift; sourceTree = "<group>"; };
		AE1E79CD263BC6A000839C27 /* SceneDelegate.swift */ = {isa = PBXFileReference; lastKnownFileType = sourcecode.swift; path = SceneDelegate.swift; sourceTree = "<group>"; };
		AE1E79CF263BC6A000839C27 /* InitialViewController.swift */ = {isa = PBXFileReference; lastKnownFileType = sourcecode.swift; path = InitialViewController.swift; sourceTree = "<group>"; };
		AE1E79D2263BC6A000839C27 /* Base */ = {isa = PBXFileReference; lastKnownFileType = file.storyboard; name = Base; path = Base.lproj/Main.storyboard; sourceTree = "<group>"; };
		AE1E79D4263BC6A300839C27 /* Assets.xcassets */ = {isa = PBXFileReference; lastKnownFileType = folder.assetcatalog; path = Assets.xcassets; sourceTree = "<group>"; };
		AE1E79D7263BC6A300839C27 /* Base */ = {isa = PBXFileReference; lastKnownFileType = file.storyboard; name = Base; path = Base.lproj/LaunchScreen.storyboard; sourceTree = "<group>"; };
		AE1E79D9263BC6A300839C27 /* Info.plist */ = {isa = PBXFileReference; lastKnownFileType = text.plist.xml; path = Info.plist; sourceTree = "<group>"; };
		AE3B883F265A7CAE00553783 /* AddMemberSearchTableViewController.swift */ = {isa = PBXFileReference; lastKnownFileType = sourcecode.swift; path = AddMemberSearchTableViewController.swift; sourceTree = "<group>"; };
		AE3B8841265A7D4C00553783 /* UIViewController-cli240.swift */ = {isa = PBXFileReference; fileEncoding = 4; lastKnownFileType = sourcecode.swift; path = "UIViewController-cli240.swift"; sourceTree = "<group>"; };
		AE3B8843265A7E8500553783 /* User.swift */ = {isa = PBXFileReference; lastKnownFileType = sourcecode.swift; path = User.swift; sourceTree = "<group>"; };
		AE3B8845265B3ADF00553783 /* CreateGroupViewController.swift */ = {isa = PBXFileReference; lastKnownFileType = sourcecode.swift; path = CreateGroupViewController.swift; sourceTree = "<group>"; };
		AE3B8847265B3D7F00553783 /* addMemberDelegate.swift */ = {isa = PBXFileReference; lastKnownFileType = sourcecode.swift; path = addMemberDelegate.swift; sourceTree = "<group>"; };
		AE3B8849265CEE0100553783 /* Event.swift */ = {isa = PBXFileReference; lastKnownFileType = sourcecode.swift; path = Event.swift; sourceTree = "<group>"; };
		AE9B466E263C507700C179BF /* GoogleService-Info.plist */ = {isa = PBXFileReference; fileEncoding = 4; lastKnownFileType = text.plist.xml; path = "GoogleService-Info.plist"; sourceTree = "<group>"; };
		AE9B4670263E67D100C179BF /* MainTabViewController.swift */ = {isa = PBXFileReference; lastKnownFileType = sourcecode.swift; path = MainTabViewController.swift; sourceTree = "<group>"; };
		AE9B4672263E70C100C179BF /* UserEventsViewController.swift */ = {isa = PBXFileReference; lastKnownFileType = sourcecode.swift; path = UserEventsViewController.swift; sourceTree = "<group>"; };
		AE9B4677264A2F8B00C179BF /* CustomCell.swift */ = {isa = PBXFileReference; lastKnownFileType = sourcecode.swift; path = CustomCell.swift; sourceTree = "<group>"; };
		AE9B4679264A346600C179BF /* AddDateRange.swift */ = {isa = PBXFileReference; lastKnownFileType = sourcecode.swift; path = AddDateRange.swift; sourceTree = "<group>"; };
		AEA7DAE12667B5E50057EB60 /* SettingsViewController.swift */ = {isa = PBXFileReference; lastKnownFileType = sourcecode.swift; path = SettingsViewController.swift; sourceTree = "<group>"; };
		BF7179FA12A24B4D83EDD70F /* Pods_hey_m8.framework */ = {isa = PBXFileReference; explicitFileType = wrapper.framework; includeInIndex = 0; path = Pods_hey_m8.framework; sourceTree = BUILT_PRODUCTS_DIR; };
/* End PBXFileReference section */

/* Begin PBXFrameworksBuildPhase section */
		AE1E79C5263BC6A000839C27 /* Frameworks */ = {
			isa = PBXFrameworksBuildPhase;
			buildActionMask = 2147483647;
			files = (
				DCFD44002BEE568E9CC30FC6 /* Pods_hey_m8.framework in Frameworks */,
			);
			runOnlyForDeploymentPostprocessing = 0;
		};
/* End PBXFrameworksBuildPhase section */

/* Begin PBXGroup section */
		10CDD71B1010D50E3E2148F9 /* Frameworks */ = {
			isa = PBXGroup;
			children = (
				BF7179FA12A24B4D83EDD70F /* Pods_hey_m8.framework */,
			);
			name = Frameworks;
			sourceTree = "<group>";
		};
		AE1E79BF263BC6A000839C27 = {
			isa = PBXGroup;
			children = (
				AE1E79CA263BC6A000839C27 /* hey m8 */,
				AE1E79C9263BC6A000839C27 /* Products */,
				E753979DE67D92BCA48A5BD5 /* Pods */,
				10CDD71B1010D50E3E2148F9 /* Frameworks */,
			);
			sourceTree = "<group>";
		};
		AE1E79C9263BC6A000839C27 /* Products */ = {
			isa = PBXGroup;
			children = (
				AE1E79C8263BC6A000839C27 /* hey m8.app */,
			);
			name = Products;
			sourceTree = "<group>";
		};
		AE1E79CA263BC6A000839C27 /* hey m8 */ = {
			isa = PBXGroup;
			children = (
				AE1E79CB263BC6A000839C27 /* AppDelegate.swift */,
				AE1E79CD263BC6A000839C27 /* SceneDelegate.swift */,
				AE1E79D1263BC6A000839C27 /* Main.storyboard */,
				AE9B4677264A2F8B00C179BF /* CustomCell.swift */,
				AE1E79D4263BC6A300839C27 /* Assets.xcassets */,
				AE04C266265A6C5D00D53865 /* Group.swift */,
				AE3B8843265A7E8500553783 /* User.swift */,
				AE1E79D6263BC6A300839C27 /* LaunchScreen.storyboard */,
				AE3B8849265CEE0100553783 /* Event.swift */,
				AE1E79D9263BC6A300839C27 /* Info.plist */,
				AE9B466E263C507700C179BF /* GoogleService-Info.plist */,
				AE3B8847265B3D7F00553783 /* addMemberDelegate.swift */,
				AE04C268265A75ED00D53865 /* GroupTableViewCell.swift */,
				AE3B8841265A7D4C00553783 /* UIViewController-cli240.swift */,
				AE9B4674263E70C600C179BF /* Controllers */,
			);
			path = "hey m8";
			sourceTree = "<group>";
		};
		AE9B4674263E70C600C179BF /* Controllers */ = {
			isa = PBXGroup;
			children = (
				AE1E79CF263BC6A000839C27 /* InitialViewController.swift */,
				AE9B4670263E67D100C179BF /* MainTabViewController.swift */,
				AE04C25E2657C4A000D53865 /* AddLocationViewController.swift */,
				AE3B883F265A7CAE00553783 /* AddMemberSearchTableViewController.swift */,
				AE9B4679264A346600C179BF /* AddDateRange.swift */,
				AE04C25C2657C0A400D53865 /* CreateEventViewController.swift */,
				AE3B8845265B3ADF00553783 /* CreateGroupViewController.swift */,
				AE04C262265A6AA300D53865 /* UserGroupsTableViewController.swift */,
				AE9B4672263E70C100C179BF /* UserEventsViewController.swift */,
				AEA7DAE12667B5E50057EB60 /* SettingsViewController.swift */,
			);
			path = Controllers;
			sourceTree = "<group>";
		};
		E753979DE67D92BCA48A5BD5 /* Pods */ = {
			isa = PBXGroup;
			children = (
				2CCBCCE6729FF57756BBA2F9 /* Pods-hey m8.debug.xcconfig */,
				15074DF54B755E19AC0297F6 /* Pods-hey m8.release.xcconfig */,
			);
			path = Pods;
			sourceTree = "<group>";
		};
/* End PBXGroup section */

/* Begin PBXNativeTarget section */
		AE1E79C7263BC6A000839C27 /* hey m8 */ = {
			isa = PBXNativeTarget;
			buildConfigurationList = AE1E79DC263BC6A300839C27 /* Build configuration list for PBXNativeTarget "hey m8" */;
			buildPhases = (
				C36BB9ED2C971E34D2E4271C /* [CP] Check Pods Manifest.lock */,
				AE1E79C4263BC6A000839C27 /* Sources */,
				AE1E79C5263BC6A000839C27 /* Frameworks */,
				AE1E79C6263BC6A000839C27 /* Resources */,
				00646008964A68B664A01621 /* [CP] Embed Pods Frameworks */,
				D954CB086DE83172256D8266 /* [CP] Copy Pods Resources */,
			);
			buildRules = (
			);
			dependencies = (
			);
			name = "hey m8";
			productName = "hey m8";
			productReference = AE1E79C8263BC6A000839C27 /* hey m8.app */;
			productType = "com.apple.product-type.application";
		};
/* End PBXNativeTarget section */

/* Begin PBXProject section */
		AE1E79C0263BC6A000839C27 /* Project object */ = {
			isa = PBXProject;
			attributes = {
				LastSwiftUpdateCheck = 1240;
				LastUpgradeCheck = 1240;
				TargetAttributes = {
					AE1E79C7263BC6A000839C27 = {
						CreatedOnToolsVersion = 12.4;
					};
				};
			};
			buildConfigurationList = AE1E79C3263BC6A000839C27 /* Build configuration list for PBXProject "hey m8" */;
			compatibilityVersion = "Xcode 9.3";
			developmentRegion = en;
			hasScannedForEncodings = 0;
			knownRegions = (
				en,
				Base,
			);
			mainGroup = AE1E79BF263BC6A000839C27;
			productRefGroup = AE1E79C9263BC6A000839C27 /* Products */;
			projectDirPath = "";
			projectRoot = "";
			targets = (
				AE1E79C7263BC6A000839C27 /* hey m8 */,
			);
		};
/* End PBXProject section */

/* Begin PBXResourcesBuildPhase section */
		AE1E79C6263BC6A000839C27 /* Resources */ = {
			isa = PBXResourcesBuildPhase;
			buildActionMask = 2147483647;
			files = (
				AE1E79D8263BC6A300839C27 /* LaunchScreen.storyboard in Resources */,
				AE1E79D5263BC6A300839C27 /* Assets.xcassets in Resources */,
				AE9B466F263C507700C179BF /* GoogleService-Info.plist in Resources */,
				AE1E79D3263BC6A000839C27 /* Main.storyboard in Resources */,
			);
			runOnlyForDeploymentPostprocessing = 0;
		};
/* End PBXResourcesBuildPhase section */

/* Begin PBXShellScriptBuildPhase section */
		00646008964A68B664A01621 /* [CP] Embed Pods Frameworks */ = {
			isa = PBXShellScriptBuildPhase;
			buildActionMask = 2147483647;
			files = (
			);
			inputFileListPaths = (
				"${PODS_ROOT}/Target Support Files/Pods-hey m8/Pods-hey m8-frameworks-${CONFIGURATION}-input-files.xcfilelist",
			);
			name = "[CP] Embed Pods Frameworks";
			outputFileListPaths = (
				"${PODS_ROOT}/Target Support Files/Pods-hey m8/Pods-hey m8-frameworks-${CONFIGURATION}-output-files.xcfilelist",
			);
			runOnlyForDeploymentPostprocessing = 0;
			shellPath = /bin/sh;
			shellScript = "\"${PODS_ROOT}/Target Support Files/Pods-hey m8/Pods-hey m8-frameworks.sh\"\n";
			showEnvVarsInLog = 0;
		};
		C36BB9ED2C971E34D2E4271C /* [CP] Check Pods Manifest.lock */ = {
			isa = PBXShellScriptBuildPhase;
			buildActionMask = 2147483647;
			files = (
			);
			inputFileListPaths = (
			);
			inputPaths = (
				"${PODS_PODFILE_DIR_PATH}/Podfile.lock",
				"${PODS_ROOT}/Manifest.lock",
			);
			name = "[CP] Check Pods Manifest.lock";
			outputFileListPaths = (
			);
			outputPaths = (
				"$(DERIVED_FILE_DIR)/Pods-hey m8-checkManifestLockResult.txt",
			);
			runOnlyForDeploymentPostprocessing = 0;
			shellPath = /bin/sh;
			shellScript = "diff \"${PODS_PODFILE_DIR_PATH}/Podfile.lock\" \"${PODS_ROOT}/Manifest.lock\" > /dev/null\nif [ $? != 0 ] ; then\n    # print error to STDERR\n    echo \"error: The sandbox is not in sync with the Podfile.lock. Run 'pod install' or update your CocoaPods installation.\" >&2\n    exit 1\nfi\n# This output is used by Xcode 'outputs' to avoid re-running this script phase.\necho \"SUCCESS\" > \"${SCRIPT_OUTPUT_FILE_0}\"\n";
			showEnvVarsInLog = 0;
		};
		D954CB086DE83172256D8266 /* [CP] Copy Pods Resources */ = {
			isa = PBXShellScriptBuildPhase;
			buildActionMask = 2147483647;
			files = (
			);
			inputFileListPaths = (
				"${PODS_ROOT}/Target Support Files/Pods-hey m8/Pods-hey m8-resources-${CONFIGURATION}-input-files.xcfilelist",
			);
			name = "[CP] Copy Pods Resources";
			outputFileListPaths = (
				"${PODS_ROOT}/Target Support Files/Pods-hey m8/Pods-hey m8-resources-${CONFIGURATION}-output-files.xcfilelist",
			);
			runOnlyForDeploymentPostprocessing = 0;
			shellPath = /bin/sh;
			shellScript = "\"${PODS_ROOT}/Target Support Files/Pods-hey m8/Pods-hey m8-resources.sh\"\n";
			showEnvVarsInLog = 0;
		};
/* End PBXShellScriptBuildPhase section */

/* Begin PBXSourcesBuildPhase section */
		AE1E79C4263BC6A000839C27 /* Sources */ = {
			isa = PBXSourcesBuildPhase;
			buildActionMask = 2147483647;
			files = (
				AE3B8848265B3D7F00553783 /* addMemberDelegate.swift in Sources */,
				AE1E79D0263BC6A000839C27 /* InitialViewController.swift in Sources */,
				AE9B4671263E67D100C179BF /* MainTabViewController.swift in Sources */,
				AE1E79CC263BC6A000839C27 /* AppDelegate.swift in Sources */,
				AE04C267265A6C5D00D53865 /* Group.swift in Sources */,
				AEA7DAE22667B5E50057EB60 /* SettingsViewController.swift in Sources */,
				AE1E79CE263BC6A000839C27 /* SceneDelegate.swift in Sources */,
				AE9B467A264A346600C179BF /* AddDateRange.swift in Sources */,
				AE9B4678264A2F8B00C179BF /* CustomCell.swift in Sources */,
				AE04C263265A6AA300D53865 /* UserGroupsTableViewController.swift in Sources */,
				AE3B8844265A7E8500553783 /* User.swift in Sources */,
				AE3B884A265CEE0100553783 /* Event.swift in Sources */,
				AE04C25F2657C4A000D53865 /* AddLocationViewController.swift in Sources */,
				AE3B8846265B3ADF00553783 /* CreateGroupViewController.swift in Sources */,
				AE9B4673263E70C100C179BF /* UserEventsViewController.swift in Sources */,
				AE3B8842265A7D4C00553783 /* UIViewController-cli240.swift in Sources */,
				AE04C269265A75ED00D53865 /* GroupTableViewCell.swift in Sources */,
				AE04C25D2657C0A400D53865 /* CreateEventViewController.swift in Sources */,
				AE3B8840265A7CAE00553783 /* AddMemberSearchTableViewController.swift in Sources */,
			);
			runOnlyForDeploymentPostprocessing = 0;
		};
/* End PBXSourcesBuildPhase section */

/* Begin PBXVariantGroup section */
		AE1E79D1263BC6A000839C27 /* Main.storyboard */ = {
			isa = PBXVariantGroup;
			children = (
				AE1E79D2263BC6A000839C27 /* Base */,
			);
			name = Main.storyboard;
			sourceTree = "<group>";
		};
		AE1E79D6263BC6A300839C27 /* LaunchScreen.storyboard */ = {
			isa = PBXVariantGroup;
			children = (
				AE1E79D7263BC6A300839C27 /* Base */,
			);
			name = LaunchScreen.storyboard;
			sourceTree = "<group>";
		};
/* End PBXVariantGroup section */

/* Begin XCBuildConfiguration section */
		AE1E79DA263BC6A300839C27 /* Debug */ = {
			isa = XCBuildConfiguration;
			buildSettings = {
				ALWAYS_SEARCH_USER_PATHS = NO;
				CLANG_ANALYZER_NONNULL = YES;
				CLANG_ANALYZER_NUMBER_OBJECT_CONVERSION = YES_AGGRESSIVE;
				CLANG_CXX_LANGUAGE_STANDARD = "gnu++14";
				CLANG_CXX_LIBRARY = "libc++";
				CLANG_ENABLE_MODULES = YES;
				CLANG_ENABLE_OBJC_ARC = YES;
				CLANG_ENABLE_OBJC_WEAK = YES;
				CLANG_WARN_BLOCK_CAPTURE_AUTORELEASING = YES;
				CLANG_WARN_BOOL_CONVERSION = YES;
				CLANG_WARN_COMMA = YES;
				CLANG_WARN_CONSTANT_CONVERSION = YES;
				CLANG_WARN_DEPRECATED_OBJC_IMPLEMENTATIONS = YES;
				CLANG_WARN_DIRECT_OBJC_ISA_USAGE = YES_ERROR;
				CLANG_WARN_DOCUMENTATION_COMMENTS = YES;
				CLANG_WARN_EMPTY_BODY = YES;
				CLANG_WARN_ENUM_CONVERSION = YES;
				CLANG_WARN_INFINITE_RECURSION = YES;
				CLANG_WARN_INT_CONVERSION = YES;
				CLANG_WARN_NON_LITERAL_NULL_CONVERSION = YES;
				CLANG_WARN_OBJC_IMPLICIT_RETAIN_SELF = YES;
				CLANG_WARN_OBJC_LITERAL_CONVERSION = YES;
				CLANG_WARN_OBJC_ROOT_CLASS = YES_ERROR;
				CLANG_WARN_QUOTED_INCLUDE_IN_FRAMEWORK_HEADER = YES;
				CLANG_WARN_RANGE_LOOP_ANALYSIS = YES;
				CLANG_WARN_STRICT_PROTOTYPES = YES;
				CLANG_WARN_SUSPICIOUS_MOVE = YES;
				CLANG_WARN_UNGUARDED_AVAILABILITY = YES_AGGRESSIVE;
				CLANG_WARN_UNREACHABLE_CODE = YES;
				CLANG_WARN__DUPLICATE_METHOD_MATCH = YES;
				COPY_PHASE_STRIP = NO;
				DEBUG_INFORMATION_FORMAT = dwarf;
				ENABLE_STRICT_OBJC_MSGSEND = YES;
				ENABLE_TESTABILITY = YES;
				GCC_C_LANGUAGE_STANDARD = gnu11;
				GCC_DYNAMIC_NO_PIC = NO;
				GCC_NO_COMMON_BLOCKS = YES;
				GCC_OPTIMIZATION_LEVEL = 0;
				GCC_PREPROCESSOR_DEFINITIONS = (
					"DEBUG=1",
					"$(inherited)",
				);
				GCC_WARN_64_TO_32_BIT_CONVERSION = YES;
				GCC_WARN_ABOUT_RETURN_TYPE = YES_ERROR;
				GCC_WARN_UNDECLARED_SELECTOR = YES;
				GCC_WARN_UNINITIALIZED_AUTOS = YES_AGGRESSIVE;
				GCC_WARN_UNUSED_FUNCTION = YES;
				GCC_WARN_UNUSED_VARIABLE = YES;
				IPHONEOS_DEPLOYMENT_TARGET = 14.4;
				MTL_ENABLE_DEBUG_INFO = INCLUDE_SOURCE;
				MTL_FAST_MATH = YES;
				ONLY_ACTIVE_ARCH = YES;
				SDKROOT = iphoneos;
				SWIFT_ACTIVE_COMPILATION_CONDITIONS = DEBUG;
				SWIFT_OPTIMIZATION_LEVEL = "-Onone";
			};
			name = Debug;
		};
		AE1E79DB263BC6A300839C27 /* Release */ = {
			isa = XCBuildConfiguration;
			buildSettings = {
				ALWAYS_SEARCH_USER_PATHS = NO;
				CLANG_ANALYZER_NONNULL = YES;
				CLANG_ANALYZER_NUMBER_OBJECT_CONVERSION = YES_AGGRESSIVE;
				CLANG_CXX_LANGUAGE_STANDARD = "gnu++14";
				CLANG_CXX_LIBRARY = "libc++";
				CLANG_ENABLE_MODULES = YES;
				CLANG_ENABLE_OBJC_ARC = YES;
				CLANG_ENABLE_OBJC_WEAK = YES;
				CLANG_WARN_BLOCK_CAPTURE_AUTORELEASING = YES;
				CLANG_WARN_BOOL_CONVERSION = YES;
				CLANG_WARN_COMMA = YES;
				CLANG_WARN_CONSTANT_CONVERSION = YES;
				CLANG_WARN_DEPRECATED_OBJC_IMPLEMENTATIONS = YES;
				CLANG_WARN_DIRECT_OBJC_ISA_USAGE = YES_ERROR;
				CLANG_WARN_DOCUMENTATION_COMMENTS = YES;
				CLANG_WARN_EMPTY_BODY = YES;
				CLANG_WARN_ENUM_CONVERSION = YES;
				CLANG_WARN_INFINITE_RECURSION = YES;
				CLANG_WARN_INT_CONVERSION = YES;
				CLANG_WARN_NON_LITERAL_NULL_CONVERSION = YES;
				CLANG_WARN_OBJC_IMPLICIT_RETAIN_SELF = YES;
				CLANG_WARN_OBJC_LITERAL_CONVERSION = YES;
				CLANG_WARN_OBJC_ROOT_CLASS = YES_ERROR;
				CLANG_WARN_QUOTED_INCLUDE_IN_FRAMEWORK_HEADER = YES;
				CLANG_WARN_RANGE_LOOP_ANALYSIS = YES;
				CLANG_WARN_STRICT_PROTOTYPES = YES;
				CLANG_WARN_SUSPICIOUS_MOVE = YES;
				CLANG_WARN_UNGUARDED_AVAILABILITY = YES_AGGRESSIVE;
				CLANG_WARN_UNREACHABLE_CODE = YES;
				CLANG_WARN__DUPLICATE_METHOD_MATCH = YES;
				COPY_PHASE_STRIP = NO;
				DEBUG_INFORMATION_FORMAT = "dwarf-with-dsym";
				ENABLE_NS_ASSERTIONS = NO;
				ENABLE_STRICT_OBJC_MSGSEND = YES;
				GCC_C_LANGUAGE_STANDARD = gnu11;
				GCC_NO_COMMON_BLOCKS = YES;
				GCC_WARN_64_TO_32_BIT_CONVERSION = YES;
				GCC_WARN_ABOUT_RETURN_TYPE = YES_ERROR;
				GCC_WARN_UNDECLARED_SELECTOR = YES;
				GCC_WARN_UNINITIALIZED_AUTOS = YES_AGGRESSIVE;
				GCC_WARN_UNUSED_FUNCTION = YES;
				GCC_WARN_UNUSED_VARIABLE = YES;
				IPHONEOS_DEPLOYMENT_TARGET = 14.4;
				MTL_ENABLE_DEBUG_INFO = NO;
				MTL_FAST_MATH = YES;
				SDKROOT = iphoneos;
				SWIFT_COMPILATION_MODE = wholemodule;
				SWIFT_OPTIMIZATION_LEVEL = "-O";
				VALIDATE_PRODUCT = YES;
			};
			name = Release;
		};
		AE1E79DD263BC6A300839C27 /* Debug */ = {
			isa = XCBuildConfiguration;
			baseConfigurationReference = 2CCBCCE6729FF57756BBA2F9 /* Pods-hey m8.debug.xcconfig */;
			buildSettings = {
				ASSETCATALOG_COMPILER_APPICON_NAME = AppIcon;
				ASSETCATALOG_COMPILER_GLOBAL_ACCENT_COLOR_NAME = AccentColor;
				CODE_SIGN_STYLE = Automatic;
				DEVELOPMENT_TEAM = Q7533W8H58;
				EXCLUDED_ARCHS = ONLY_ACTIVE_ARCH;
				GCC_NO_COMMON_BLOCKS = YES;
				INFOPLIST_FILE = "hey m8/Info.plist";
				LD_RUNPATH_SEARCH_PATHS = (
					"$(inherited)",
					"@executable_path/Frameworks",
				);
				OTHER_LDFLAGS = (
					"$(inherited)",
					"-l\"c++\"",
					"-l\"icucore\"",
					"-l\"stdc++\"",
					"-l\"z\"",
					"-framework",
					"\"AppAuth\"",
					"-framework",
					"\"CFNetwork\"",
					"-framework",
					"\"CoreGraphics\"",
					"-framework",
					"\"CoreTelephony\"",
					"-framework",
					"\"CoreText\"",
					"-framework",
					"\"FBLPromises\"",
					"-framework",
					"\"FBSDKCoreKit\"",
					"-framework",
					"\"FBSDKLoginKit\"",
					"-framework",
					"\"FirebaseAuth\"",
					"-framework",
					"\"FirebaseCore\"",
					"-framework",
					"\"FirebaseCoreDiagnostics\"",
					"-framework",
					"\"FirebaseDatabase\"",
					"-framework",
					"\"FirebaseFirestore\"",
					"-framework",
					"\"FirebaseFirestoreSwift\"",
					"-framework",
					"\"FirebaseStorage\"",
					"-framework",
					"\"FirebaseUI\"",
					"-framework",
					"\"Foundation\"",
					"-framework",
					"\"GTMAppAuth\"",
					"-framework",
					"\"GTMSessionFetcher\"",
					"-framework",
					"\"GoogleDataTransport\"",
					"-framework",
					"\"GoogleSignIn\"",
					"-framework",
					"\"GoogleUtilities\"",
					"-framework",
					"\"ImageIO\"",
					"-framework",
					"\"LocalAuthentication\"",
					"-framework",
					"\"MobileCoreServices\"",
					"-framework",
					"\"QuartzCore\"",
					"-framework",
					"\"SDWebImage\"",
					"-framework",
					"\"SafariServices\"",
					"-framework",
					"\"Security\"",
					"-framework",
					"\"SystemConfiguration\"",
					"-framework",
					"\"UIKit\"",
					"-framework",
					"\"absl\"",
					"-framework",
					"\"grpc\"",
					"-framework",
					"\"grpcpp\"",
					"-framework",
					"\"leveldb\"",
					"-framework",
					"\"nanopb\"",
					"-framework",
					"\"openssl_grpc\"",
					"-weak_framework",
					"\"Accelerate\"",
					"-weak_framework",
					"\"Accounts\"",
					"-weak_framework",
					"\"AdSupport\"",
					"-weak_framework",
					"\"AudioToolbox\"",
					"-weak_framework",
					"\"AuthenticationServices\"",
					"-weak_framework",
					"\"CoreGraphics\"",
					"-weak_framework",
					"\"Foundation\"",
					"-weak_framework",
					"\"QuartzCore\"",
					"-weak_framework",
					"\"Security\"",
					"-weak_framework",
					"\"Social\"",
					"-weak_framework",
					"\"StoreKit\"",
					"-weak_framework",
					"\"UIKit\"",
				);
				PRODUCT_BUNDLE_IDENTIFIER = com.heym8;
				PRODUCT_NAME = "$(TARGET_NAME)";
				SWIFT_VERSION = 5.0;
				TARGETED_DEVICE_FAMILY = "1,2";
			};
			name = Debug;
		};
		AE1E79DE263BC6A300839C27 /* Release */ = {
			isa = XCBuildConfiguration;
			baseConfigurationReference = 15074DF54B755E19AC0297F6 /* Pods-hey m8.release.xcconfig */;
			buildSettings = {
				ASSETCATALOG_COMPILER_APPICON_NAME = AppIcon;
				ASSETCATALOG_COMPILER_GLOBAL_ACCENT_COLOR_NAME = AccentColor;
				CODE_SIGN_STYLE = Automatic;
				DEVELOPMENT_TEAM = Q7533W8H58;
				EXCLUDED_ARCHS = ONLY_ACTIVE_ARCH;
				"EXCLUDED_ARCHS[sdk=*]" = any;
				GCC_NO_COMMON_BLOCKS = YES;
				INFOPLIST_FILE = "hey m8/Info.plist";
				LD_RUNPATH_SEARCH_PATHS = (
					"$(inherited)",
					"@executable_path/Frameworks",
				);
				ONLY_ACTIVE_ARCH = YES;
				OTHER_LDFLAGS = (
					"$(inherited)",
					"-l\"c++\"",
					"-l\"icucore\"",
					"-l\"stdc++\"",
					"-l\"z\"",
					"-framework",
					"\"AppAuth\"",
					"-framework",
					"\"CFNetwork\"",
					"-framework",
					"\"CoreGraphics\"",
					"-framework",
					"\"CoreTelephony\"",
					"-framework",
					"\"CoreText\"",
					"-framework",
					"\"FBLPromises\"",
					"-framework",
					"\"FBSDKCoreKit\"",
					"-framework",
					"\"FBSDKLoginKit\"",
					"-framework",
					"\"FirebaseAuth\"",
					"-framework",
					"\"FirebaseCore\"",
					"-framework",
					"\"FirebaseCoreDiagnostics\"",
					"-framework",
					"\"FirebaseDatabase\"",
					"-framework",
					"\"FirebaseFirestore\"",
					"-framework",
					"\"FirebaseFirestoreSwift\"",
					"-framework",
					"\"FirebaseStorage\"",
					"-framework",
					"\"FirebaseUI\"",
					"-framework",
					"\"Foundation\"",
					"-framework",
					"\"GTMAppAuth\"",
					"-framework",
					"\"GTMSessionFetcher\"",
					"-framework",
					"\"GoogleDataTransport\"",
					"-framework",
					"\"GoogleSignIn\"",
					"-framework",
					"\"GoogleUtilities\"",
					"-framework",
					"\"ImageIO\"",
					"-framework",
					"\"LocalAuthentication\"",
					"-framework",
					"\"MobileCoreServices\"",
					"-framework",
					"\"QuartzCore\"",
					"-framework",
					"\"SDWebImage\"",
					"-framework",
					"\"SafariServices\"",
					"-framework",
					"\"Security\"",
					"-framework",
					"\"SystemConfiguration\"",
					"-framework",
					"\"UIKit\"",
					"-framework",
					"\"absl\"",
					"-framework",
					"\"grpc\"",
					"-framework",
					"\"grpcpp\"",
					"-framework",
					"\"leveldb\"",
					"-framework",
					"\"nanopb\"",
					"-framework",
					"\"openssl_grpc\"",
					"-weak_framework",
					"\"Accelerate\"",
					"-weak_framework",
					"\"Accounts\"",
					"-weak_framework",
					"\"AdSupport\"",
					"-weak_framework",
					"\"AudioToolbox\"",
					"-weak_framework",
					"\"AuthenticationServices\"",
					"-weak_framework",
					"\"CoreGraphics\"",
					"-weak_framework",
					"\"Foundation\"",
					"-weak_framework",
					"\"QuartzCore\"",
					"-weak_framework",
					"\"Security\"",
					"-weak_framework",
					"\"Social\"",
					"-weak_framework",
					"\"StoreKit\"",
					"-weak_framework",
					"\"UIKit\"",
				);
				PRODUCT_BUNDLE_IDENTIFIER = com.heym8;
				PRODUCT_NAME = "$(TARGET_NAME)";
				SWIFT_VERSION = 5.0;
				TARGETED_DEVICE_FAMILY = "1,2";
			};
			name = Release;
		};
/* End XCBuildConfiguration section */

/* Begin XCConfigurationList section */
		AE1E79C3263BC6A000839C27 /* Build configuration list for PBXProject "hey m8" */ = {
			isa = XCConfigurationList;
			buildConfigurations = (
				AE1E79DA263BC6A300839C27 /* Debug */,
				AE1E79DB263BC6A300839C27 /* Release */,
			);
			defaultConfigurationIsVisible = 0;
			defaultConfigurationName = Release;
		};
		AE1E79DC263BC6A300839C27 /* Build configuration list for PBXNativeTarget "hey m8" */ = {
			isa = XCConfigurationList;
			buildConfigurations = (
				AE1E79DD263BC6A300839C27 /* Debug */,
				AE1E79DE263BC6A300839C27 /* Release */,
			);
			defaultConfigurationIsVisible = 0;
			defaultConfigurationName = Release;
		};
/* End XCConfigurationList section */
	};
	rootObject = AE1E79C0263BC6A000839C27 /* Project object */;
}
